
Microsoft Visual Studio Solution File, Format Version 12.00
# Visual Studio 15
VisualStudioVersion = 15.0.27130.2027
MinimumVisualStudioVersion = 10.0.40219.1
Project("{FAE04EC0-301F-11D3-BF4B-00C04F79EFBC}") = "Checkers", "Checkers\Checkers.csproj", "{C1686B26-7342-461B-9ABA-0A02B257BBEA}"
EndProject
Project("{FAE04EC0-301F-11D3-BF4B-00C04F79EFBC}") = "CheckersHost", "CheckersHost\CheckersHost.csproj", "{64B4A2FC-097F-4832-820E-C42CF5637269}"
EndProject
Global
	GlobalSection(SolutionConfigurationPlatforms) = preSolution
		Debug|Any CPU = Debug|Any CPU
		Release|Any CPU = Release|Any CPU
	EndGlobalSection
	GlobalSection(ProjectConfigurationPlatforms) = postSolution
		{C1686B26-7342-461B-9ABA-0A02B257BBEA}.Debug|Any CPU.ActiveCfg = Debug|Any CPU
		{C1686B26-7342-461B-9ABA-0A02B257BBEA}.Debug|Any CPU.Build.0 = Debug|Any CPU
		{C1686B26-7342-461B-9ABA-0A02B257BBEA}.Release|Any CPU.ActiveCfg = Release|Any CPU
		{C1686B26-7342-461B-9ABA-0A02B257BBEA}.Release|Any CPU.Build.0 = Release|Any CPU
		{64B4A2FC-097F-4832-820E-C42CF5637269}.Debug|Any CPU.ActiveCfg = Debug|Any CPU
		{64B4A2FC-097F-4832-820E-C42CF5637269}.Debug|Any CPU.Build.0 = Debug|Any CPU
		{64B4A2FC-097F-4832-820E-C42CF5637269}.Release|Any CPU.ActiveCfg = Release|Any CPU
		{64B4A2FC-097F-4832-820E-C42CF5637269}.Release|Any CPU.Build.0 = Release|Any CPU
	EndGlobalSection
	GlobalSection(SolutionProperties) = preSolution
		HideSolutionNode = FALSE
	EndGlobalSection
	GlobalSection(ExtensibilityGlobals) = postSolution
		SolutionGuid = {6B2C591F-09F6-4D69-A20F-1B52D0A9195A}
	EndGlobalSection
EndGlobal
